
Microsoft Visual Studio Solution File, Format Version 12.00
# Visual Studio Version 16
VisualStudioVersion = 16.0.30330.147
MinimumVisualStudioVersion = 10.0.40219.1
Project("{FAE04EC0-301F-11D3-BF4B-00C04F79EFBC}") = "CoinPrice", "CoinPrice\CoinPrice.csproj", "{398CFE03-B6E4-4691-B14A-32B710592AB7}"
EndProject
Project("{FAE04EC0-301F-11D3-BF4B-00C04F79EFBC}") = "CoinPrice.Tests", "CoinPrice.Tests\CoinPrice.Tests.csproj", "{1D1DB8C3-B334-4C72-B4D1-E31EC88C7183}"
EndProject
Global
	GlobalSection(SolutionConfigurationPlatforms) = preSolution
		Debug|Any CPU = Debug|Any CPU
		Release|Any CPU = Release|Any CPU
	EndGlobalSection
	GlobalSection(ProjectConfigurationPlatforms) = postSolution
		{398CFE03-B6E4-4691-B14A-32B710592AB7}.Debug|Any CPU.ActiveCfg = Debug|Any CPU
		{398CFE03-B6E4-4691-B14A-32B710592AB7}.Debug|Any CPU.Build.0 = Debug|Any CPU
		{398CFE03-B6E4-4691-B14A-32B710592AB7}.Release|Any CPU.ActiveCfg = Release|Any CPU
		{398CFE03-B6E4-4691-B14A-32B710592AB7}.Release|Any CPU.Build.0 = Release|Any CPU
		{1D1DB8C3-B334-4C72-B4D1-E31EC88C7183}.Debug|Any CPU.ActiveCfg = Debug|Any CPU
		{1D1DB8C3-B334-4C72-B4D1-E31EC88C7183}.Debug|Any CPU.Build.0 = Debug|Any CPU
		{1D1DB8C3-B334-4C72-B4D1-E31EC88C7183}.Release|Any CPU.ActiveCfg = Release|Any CPU
		{1D1DB8C3-B334-4C72-B4D1-E31EC88C7183}.Release|Any CPU.Build.0 = Release|Any CPU
	EndGlobalSection
	GlobalSection(SolutionProperties) = preSolution
		HideSolutionNode = FALSE
	EndGlobalSection
	GlobalSection(ExtensibilityGlobals) = postSolution
		SolutionGuid = {A94AE5AE-8BAA-4DD7-8FF3-FA614CC7885A}
	EndGlobalSection
EndGlobal
